// !$*UTF8*$!
{
	archiveVersion = 1;
	classes = {
	};
	objectVersion = 56;
	objects = {

/* Begin PBXBuildFile section */
		185457B52B5D03C9008892B5 /* ComponentView.swift in Sources */ = {isa = PBXBuildFile; fileRef = 185457B42B5D03C9008892B5 /* ComponentView.swift */; };
		185457B72B5D0465008892B5 /* GroupControllers.swift in Sources */ = {isa = PBXBuildFile; fileRef = 185457B62B5D0465008892B5 /* GroupControllers.swift */; };
		185AA9262B5BD75300F79703 /* AppDelegate.swift in Sources */ = {isa = PBXBuildFile; fileRef = 185AA9252B5BD75300F79703 /* AppDelegate.swift */; };
		185AA9282B5BD75300F79703 /* SceneDelegate.swift in Sources */ = {isa = PBXBuildFile; fileRef = 185AA9272B5BD75300F79703 /* SceneDelegate.swift */; };
		185AA92A2B5BD75300F79703 /* ViewController.swift in Sources */ = {isa = PBXBuildFile; fileRef = 185AA9292B5BD75300F79703 /* ViewController.swift */; };
		185AA92F2B5BD75500F79703 /* Assets.xcassets in Resources */ = {isa = PBXBuildFile; fileRef = 185AA92E2B5BD75500F79703 /* Assets.xcassets */; };
		185AA9322B5BD75500F79703 /* LaunchScreen.storyboard in Resources */ = {isa = PBXBuildFile; fileRef = 185AA9302B5BD75500F79703 /* LaunchScreen.storyboard */; };
		185AA93D2B5C0ED500F79703 /* ModelData.swift in Sources */ = {isa = PBXBuildFile; fileRef = 185AA93C2B5C0ED500F79703 /* ModelData.swift */; };
		185AA93F2B5C134500F79703 /* GroupComponentsCell.swift in Sources */ = {isa = PBXBuildFile; fileRef = 185AA93E2B5C134500F79703 /* GroupComponentsCell.swift */; };
		185AA9412B5C15B100F79703 /* ComponentsCell.swift in Sources */ = {isa = PBXBuildFile; fileRef = 185AA9402B5C15B100F79703 /* ComponentsCell.swift */; };
		1887445D2B5E29270020C65D /* AllComponents.swift in Sources */ = {isa = PBXBuildFile; fileRef = 1887445C2B5E29270020C65D /* AllComponents.swift */; };
		188744602B5E34E90020C65D /* Extension.swift in Sources */ = {isa = PBXBuildFile; fileRef = 1887445F2B5E34E90020C65D /* Extension.swift */; };
		188744632B5E353B0020C65D /* Protocol.swift in Sources */ = {isa = PBXBuildFile; fileRef = 188744622B5E353B0020C65D /* Protocol.swift */; };
		18A4E9522B643A3C00802C25 /* TabBarController.swift in Sources */ = {isa = PBXBuildFile; fileRef = 18A4E9512B643A3C00802C25 /* TabBarController.swift */; };
		18AAC58F2B5FBD4600560966 /* FavoriteComponent.swift in Sources */ = {isa = PBXBuildFile; fileRef = 18AAC58E2B5FBD4600560966 /* FavoriteComponent.swift */; };
		18AAC5912B5FBD8000560966 /* BasketController.swift in Sources */ = {isa = PBXBuildFile; fileRef = 18AAC5902B5FBD8000560966 /* BasketController.swift */; };
		18B2EB4E2B64EC1D002E23CD /* GoogleService-Info.plist in Resources */ = {isa = PBXBuildFile; fileRef = 18B2EB4D2B64EC1D002E23CD /* GoogleService-Info.plist */; };
		18B2EB502B64EED2002E23CD /* FirebaseManager.swift in Sources */ = {isa = PBXBuildFile; fileRef = 18B2EB4F2B64EED2002E23CD /* FirebaseManager.swift */; };
		18B2EB522B64EF45002E23CD /* SignInController.swift in Sources */ = {isa = PBXBuildFile; fileRef = 18B2EB512B64EF45002E23CD /* SignInController.swift */; };
		18E55B392B65164000062543 /* FirebaseAnalytics in Frameworks */ = {isa = PBXBuildFile; productRef = 18E55B382B65164000062543 /* FirebaseAnalytics */; };
		18E55B3B2B65164000062543 /* FirebaseAnalyticsOnDeviceConversion in Frameworks */ = {isa = PBXBuildFile; productRef = 18E55B3A2B65164000062543 /* FirebaseAnalyticsOnDeviceConversion */; };
		18E55B3D2B65164000062543 /* FirebaseAnalyticsSwift in Frameworks */ = {isa = PBXBuildFile; productRef = 18E55B3C2B65164000062543 /* FirebaseAnalyticsSwift */; };
		18E55B3F2B65164000062543 /* FirebaseAnalyticsWithoutAdIdSupport in Frameworks */ = {isa = PBXBuildFile; productRef = 18E55B3E2B65164000062543 /* FirebaseAnalyticsWithoutAdIdSupport */; };
		18E55B412B65164000062543 /* FirebaseAppCheck in Frameworks */ = {isa = PBXBuildFile; productRef = 18E55B402B65164000062543 /* FirebaseAppCheck */; };
		18E55B442B65165500062543 /* FirebaseAuth in Frameworks */ = {isa = PBXBuildFile; productRef = 18E55B432B65165500062543 /* FirebaseAuth */; };
		18F527042B5CB52500C3521E /* AddView.swift in Sources */ = {isa = PBXBuildFile; fileRef = 18F527032B5CB52500C3521E /* AddView.swift */; };
		18F527062B5CB79A00C3521E /* Header.swift in Sources */ = {isa = PBXBuildFile; fileRef = 18F527052B5CB79A00C3521E /* Header.swift */; };
		18FB6F1A2B65471B00CC2F55 /* RegistedViewController.swift in Sources */ = {isa = PBXBuildFile; fileRef = 18FB6F192B65471B00CC2F55 /* RegistedViewController.swift */; };
/* End PBXBuildFile section */

/* Begin PBXFileReference section */
		185457B42B5D03C9008892B5 /* ComponentView.swift */ = {isa = PBXFileReference; lastKnownFileType = sourcecode.swift; path = ComponentView.swift; sourceTree = "<group>"; };
		185457B62B5D0465008892B5 /* GroupControllers.swift */ = {isa = PBXFileReference; lastKnownFileType = sourcecode.swift; path = GroupControllers.swift; sourceTree = "<group>"; };
		185AA9222B5BD75300F79703 /* DagorMarket.app */ = {isa = PBXFileReference; explicitFileType = wrapper.application; includeInIndex = 0; path = DagorMarket.app; sourceTree = BUILT_PRODUCTS_DIR; };
		185AA9252B5BD75300F79703 /* AppDelegate.swift */ = {isa = PBXFileReference; lastKnownFileType = sourcecode.swift; path = AppDelegate.swift; sourceTree = "<group>"; };
		185AA9272B5BD75300F79703 /* SceneDelegate.swift */ = {isa = PBXFileReference; lastKnownFileType = sourcecode.swift; path = SceneDelegate.swift; sourceTree = "<group>"; };
		185AA9292B5BD75300F79703 /* ViewController.swift */ = {isa = PBXFileReference; lastKnownFileType = sourcecode.swift; path = ViewController.swift; sourceTree = "<group>"; };
		185AA92E2B5BD75500F79703 /* Assets.xcassets */ = {isa = PBXFileReference; lastKnownFileType = folder.assetcatalog; path = Assets.xcassets; sourceTree = "<group>"; };
		185AA9312B5BD75500F79703 /* Base */ = {isa = PBXFileReference; lastKnownFileType = file.storyboard; name = Base; path = Base.lproj/LaunchScreen.storyboard; sourceTree = "<group>"; };
		185AA9332B5BD75500F79703 /* Info.plist */ = {isa = PBXFileReference; lastKnownFileType = text.plist.xml; path = Info.plist; sourceTree = "<group>"; };
		185AA93C2B5C0ED500F79703 /* ModelData.swift */ = {isa = PBXFileReference; lastKnownFileType = sourcecode.swift; path = ModelData.swift; sourceTree = "<group>"; };
		185AA93E2B5C134500F79703 /* GroupComponentsCell.swift */ = {isa = PBXFileReference; lastKnownFileType = sourcecode.swift; path = GroupComponentsCell.swift; sourceTree = "<group>"; };
		185AA9402B5C15B100F79703 /* ComponentsCell.swift */ = {isa = PBXFileReference; lastKnownFileType = sourcecode.swift; path = ComponentsCell.swift; sourceTree = "<group>"; };
		1887445C2B5E29270020C65D /* AllComponents.swift */ = {isa = PBXFileReference; lastKnownFileType = sourcecode.swift; path = AllComponents.swift; sourceTree = "<group>"; };
		1887445F2B5E34E90020C65D /* Extension.swift */ = {isa = PBXFileReference; lastKnownFileType = sourcecode.swift; path = Extension.swift; sourceTree = "<group>"; };
		188744622B5E353B0020C65D /* Protocol.swift */ = {isa = PBXFileReference; lastKnownFileType = sourcecode.swift; path = Protocol.swift; sourceTree = "<group>"; };
		18A4E9512B643A3C00802C25 /* TabBarController.swift */ = {isa = PBXFileReference; lastKnownFileType = sourcecode.swift; path = TabBarController.swift; sourceTree = "<group>"; };
		18AAC58E2B5FBD4600560966 /* FavoriteComponent.swift */ = {isa = PBXFileReference; lastKnownFileType = sourcecode.swift; path = FavoriteComponent.swift; sourceTree = "<group>"; };
		18AAC5902B5FBD8000560966 /* BasketController.swift */ = {isa = PBXFileReference; lastKnownFileType = sourcecode.swift; path = BasketController.swift; sourceTree = "<group>"; };
		18B2EB4D2B64EC1D002E23CD /* GoogleService-Info.plist */ = {isa = PBXFileReference; fileEncoding = 4; lastKnownFileType = text.plist.xml; path = "GoogleService-Info.plist"; sourceTree = "<group>"; };
		18B2EB4F2B64EED2002E23CD /* FirebaseManager.swift */ = {isa = PBXFileReference; lastKnownFileType = sourcecode.swift; path = FirebaseManager.swift; sourceTree = "<group>"; };
		18B2EB512B64EF45002E23CD /* SignInController.swift */ = {isa = PBXFileReference; lastKnownFileType = sourcecode.swift; path = SignInController.swift; sourceTree = "<group>"; };
		18F527032B5CB52500C3521E /* AddView.swift */ = {isa = PBXFileReference; lastKnownFileType = sourcecode.swift; path = AddView.swift; sourceTree = "<group>"; };
		18F527052B5CB79A00C3521E /* Header.swift */ = {isa = PBXFileReference; lastKnownFileType = sourcecode.swift; path = Header.swift; sourceTree = "<group>"; };
		18FB6F192B65471B00CC2F55 /* RegistedViewController.swift */ = {isa = PBXFileReference; lastKnownFileType = sourcecode.swift; path = RegistedViewController.swift; sourceTree = "<group>"; };
/* End PBXFileReference section */

/* Begin PBXFrameworksBuildPhase section */
		185AA91F2B5BD75300F79703 /* Frameworks */ = {
			isa = PBXFrameworksBuildPhase;
			buildActionMask = 2147483647;
			files = (
				18E55B3D2B65164000062543 /* FirebaseAnalyticsSwift in Frameworks */,
				18E55B442B65165500062543 /* FirebaseAuth in Frameworks */,
				18E55B392B65164000062543 /* FirebaseAnalytics in Frameworks */,
				18E55B3B2B65164000062543 /* FirebaseAnalyticsOnDeviceConversion in Frameworks */,
				18E55B412B65164000062543 /* FirebaseAppCheck in Frameworks */,
				18E55B3F2B65164000062543 /* FirebaseAnalyticsWithoutAdIdSupport in Frameworks */,
			);
			runOnlyForDeploymentPostprocessing = 0;
		};
/* End PBXFrameworksBuildPhase section */

/* Begin PBXGroup section */
		185AA9192B5BD75300F79703 = {
			isa = PBXGroup;
			children = (
				185AA9242B5BD75300F79703 /* DagorMarket */,
				185AA9232B5BD75300F79703 /* Products */,
				18E55B422B65165400062543 /* Frameworks */,
			);
			sourceTree = "<group>";
		};
		185AA9232B5BD75300F79703 /* Products */ = {
			isa = PBXGroup;
			children = (
				185AA9222B5BD75300F79703 /* DagorMarket.app */,
			);
			name = Products;
			sourceTree = "<group>";
		};
		185AA9242B5BD75300F79703 /* DagorMarket */ = {
			isa = PBXGroup;
			children = (
				188744612B5E352F0020C65D /* Protocol */,
				1887445E2B5E34D50020C65D /* Extension */,
				185AA93B2B5BD76800F79703 /* Controller */,
				185AA93A2B5BD76200F79703 /* Model */,
				185AA9392B5BD75E00F79703 /* View */,
				185AA9252B5BD75300F79703 /* AppDelegate.swift */,
				185AA9272B5BD75300F79703 /* SceneDelegate.swift */,
				185AA92E2B5BD75500F79703 /* Assets.xcassets */,
				185AA9302B5BD75500F79703 /* LaunchScreen.storyboard */,
				18B2EB4D2B64EC1D002E23CD /* GoogleService-Info.plist */,
				185AA9332B5BD75500F79703 /* Info.plist */,
			);
			path = DagorMarket;
			sourceTree = "<group>";
		};
		185AA9392B5BD75E00F79703 /* View */ = {
			isa = PBXGroup;
			children = (
				185AA93E2B5C134500F79703 /* GroupComponentsCell.swift */,
				185AA9402B5C15B100F79703 /* ComponentsCell.swift */,
				18F527032B5CB52500C3521E /* AddView.swift */,
				18F527052B5CB79A00C3521E /* Header.swift */,
			);
			path = View;
			sourceTree = "<group>";
		};
		185AA93A2B5BD76200F79703 /* Model */ = {
			isa = PBXGroup;
			children = (
				185AA93C2B5C0ED500F79703 /* ModelData.swift */,
				18B2EB4F2B64EED2002E23CD /* FirebaseManager.swift */,
			);
			path = Model;
			sourceTree = "<group>";
		};
		185AA93B2B5BD76800F79703 /* Controller */ = {
			isa = PBXGroup;
			children = (
				185AA9292B5BD75300F79703 /* ViewController.swift */,
				185457B42B5D03C9008892B5 /* ComponentView.swift */,
				185457B62B5D0465008892B5 /* GroupControllers.swift */,
				1887445C2B5E29270020C65D /* AllComponents.swift */,
				18AAC58E2B5FBD4600560966 /* FavoriteComponent.swift */,
				18AAC5902B5FBD8000560966 /* BasketController.swift */,
				18A4E9512B643A3C00802C25 /* TabBarController.swift */,
				18B2EB512B64EF45002E23CD /* SignInController.swift */,
				18FB6F192B65471B00CC2F55 /* RegistedViewController.swift */,
			);
			path = Controller;
			sourceTree = "<group>";
		};
		1887445E2B5E34D50020C65D /* Extension */ = {
			isa = PBXGroup;
			children = (
				1887445F2B5E34E90020C65D /* Extension.swift */,
			);
			path = Extension;
			sourceTree = "<group>";
		};
		188744612B5E352F0020C65D /* Protocol */ = {
			isa = PBXGroup;
			children = (
				188744622B5E353B0020C65D /* Protocol.swift */,
			);
			path = Protocol;
			sourceTree = "<group>";
		};
		18E55B422B65165400062543 /* Frameworks */ = {
			isa = PBXGroup;
			children = (
			);
			name = Frameworks;
			sourceTree = "<group>";
		};
/* End PBXGroup section */

/* Begin PBXNativeTarget section */
		185AA9212B5BD75300F79703 /* DagorMarket */ = {
			isa = PBXNativeTarget;
			buildConfigurationList = 185AA9362B5BD75500F79703 /* Build configuration list for PBXNativeTarget "DagorMarket" */;
			buildPhases = (
				185AA91E2B5BD75300F79703 /* Sources */,
				185AA91F2B5BD75300F79703 /* Frameworks */,
				185AA9202B5BD75300F79703 /* Resources */,
			);
			buildRules = (
			);
			dependencies = (
			);
			name = DagorMarket;
			packageProductDependencies = (
				18E55B382B65164000062543 /* FirebaseAnalytics */,
				18E55B3A2B65164000062543 /* FirebaseAnalyticsOnDeviceConversion */,
				18E55B3C2B65164000062543 /* FirebaseAnalyticsSwift */,
				18E55B3E2B65164000062543 /* FirebaseAnalyticsWithoutAdIdSupport */,
				18E55B402B65164000062543 /* FirebaseAppCheck */,
				18E55B432B65165500062543 /* FirebaseAuth */,
			);
			productName = DagorMarket;
			productReference = 185AA9222B5BD75300F79703 /* DagorMarket.app */;
			productType = "com.apple.product-type.application";
		};
/* End PBXNativeTarget section */

/* Begin PBXProject section */
		185AA91A2B5BD75300F79703 /* Project object */ = {
			isa = PBXProject;
			attributes = {
				BuildIndependentTargetsInParallel = 1;
				LastSwiftUpdateCheck = 1520;
				LastUpgradeCheck = 1520;
				TargetAttributes = {
					185AA9212B5BD75300F79703 = {
						CreatedOnToolsVersion = 15.2;
					};
				};
			};
			buildConfigurationList = 185AA91D2B5BD75300F79703 /* Build configuration list for PBXProject "DagorMarket" */;
			compatibilityVersion = "Xcode 14.0";
			developmentRegion = en;
			hasScannedForEncodings = 0;
			knownRegions = (
				en,
				Base,
			);
			mainGroup = 185AA9192B5BD75300F79703;
			packageReferences = (
				18E55B372B65164000062543 /* XCRemoteSwiftPackageReference "firebase-ios-sdk" */,
			);
			productRefGroup = 185AA9232B5BD75300F79703 /* Products */;
			projectDirPath = "";
			projectRoot = "";
			targets = (
				185AA9212B5BD75300F79703 /* DagorMarket */,
			);
		};
/* End PBXProject section */

/* Begin PBXResourcesBuildPhase section */
		185AA9202B5BD75300F79703 /* Resources */ = {
			isa = PBXResourcesBuildPhase;
			buildActionMask = 2147483647;
			files = (
				185AA9322B5BD75500F79703 /* LaunchScreen.storyboard in Resources */,
				18B2EB4E2B64EC1D002E23CD /* GoogleService-Info.plist in Resources */,
				185AA92F2B5BD75500F79703 /* Assets.xcassets in Resources */,
			);
			runOnlyForDeploymentPostprocessing = 0;
		};
/* End PBXResourcesBuildPhase section */

/* Begin PBXSourcesBuildPhase section */
		185AA91E2B5BD75300F79703 /* Sources */ = {
			isa = PBXSourcesBuildPhase;
			buildActionMask = 2147483647;
			files = (
				18F527062B5CB79A00C3521E /* Header.swift in Sources */,
				18A4E9522B643A3C00802C25 /* TabBarController.swift in Sources */,
				188744632B5E353B0020C65D /* Protocol.swift in Sources */,
				18B2EB522B64EF45002E23CD /* SignInController.swift in Sources */,
				18F527042B5CB52500C3521E /* AddView.swift in Sources */,
				18FB6F1A2B65471B00CC2F55 /* RegistedViewController.swift in Sources */,
				185AA93F2B5C134500F79703 /* GroupComponentsCell.swift in Sources */,
				188744602B5E34E90020C65D /* Extension.swift in Sources */,
				18AAC58F2B5FBD4600560966 /* FavoriteComponent.swift in Sources */,
				185AA92A2B5BD75300F79703 /* ViewController.swift in Sources */,
				185AA93D2B5C0ED500F79703 /* ModelData.swift in Sources */,
				185AA9262B5BD75300F79703 /* AppDelegate.swift in Sources */,
				18AAC5912B5FBD8000560966 /* BasketController.swift in Sources */,
				185AA9282B5BD75300F79703 /* SceneDelegate.swift in Sources */,
				185AA9412B5C15B100F79703 /* ComponentsCell.swift in Sources */,
				1887445D2B5E29270020C65D /* AllComponents.swift in Sources */,
				185457B52B5D03C9008892B5 /* ComponentView.swift in Sources */,
				185457B72B5D0465008892B5 /* GroupControllers.swift in Sources */,
				18B2EB502B64EED2002E23CD /* FirebaseManager.swift in Sources */,
			);
			runOnlyForDeploymentPostprocessing = 0;
		};
/* End PBXSourcesBuildPhase section */

/* Begin PBXVariantGroup section */
		185AA9302B5BD75500F79703 /* LaunchScreen.storyboard */ = {
			isa = PBXVariantGroup;
			children = (
				185AA9312B5BD75500F79703 /* Base */,
			);
			name = LaunchScreen.storyboard;
			sourceTree = "<group>";
		};
/* End PBXVariantGroup section */

/* Begin XCBuildConfiguration section */
		185AA9342B5BD75500F79703 /* Debug */ = {
			isa = XCBuildConfiguration;
			buildSettings = {
				ALWAYS_SEARCH_USER_PATHS = NO;
				ASSETCATALOG_COMPILER_GENERATE_SWIFT_ASSET_SYMBOL_EXTENSIONS = YES;
				CLANG_ANALYZER_NONNULL = YES;
				CLANG_ANALYZER_NUMBER_OBJECT_CONVERSION = YES_AGGRESSIVE;
				CLANG_CXX_LANGUAGE_STANDARD = "gnu++20";
				CLANG_ENABLE_MODULES = YES;
				CLANG_ENABLE_OBJC_ARC = YES;
				CLANG_ENABLE_OBJC_WEAK = YES;
				CLANG_WARN_BLOCK_CAPTURE_AUTORELEASING = YES;
				CLANG_WARN_BOOL_CONVERSION = YES;
				CLANG_WARN_COMMA = YES;
				CLANG_WARN_CONSTANT_CONVERSION = YES;
				CLANG_WARN_DEPRECATED_OBJC_IMPLEMENTATIONS = YES;
				CLANG_WARN_DIRECT_OBJC_ISA_USAGE = YES_ERROR;
				CLANG_WARN_DOCUMENTATION_COMMENTS = YES;
				CLANG_WARN_EMPTY_BODY = YES;
				CLANG_WARN_ENUM_CONVERSION = YES;
				CLANG_WARN_INFINITE_RECURSION = YES;
				CLANG_WARN_INT_CONVERSION = YES;
				CLANG_WARN_NON_LITERAL_NULL_CONVERSION = YES;
				CLANG_WARN_OBJC_IMPLICIT_RETAIN_SELF = YES;
				CLANG_WARN_OBJC_LITERAL_CONVERSION = YES;
				CLANG_WARN_OBJC_ROOT_CLASS = YES_ERROR;
				CLANG_WARN_QUOTED_INCLUDE_IN_FRAMEWORK_HEADER = YES;
				CLANG_WARN_RANGE_LOOP_ANALYSIS = YES;
				CLANG_WARN_STRICT_PROTOTYPES = YES;
				CLANG_WARN_SUSPICIOUS_MOVE = YES;
				CLANG_WARN_UNGUARDED_AVAILABILITY = YES_AGGRESSIVE;
				CLANG_WARN_UNREACHABLE_CODE = YES;
				CLANG_WARN__DUPLICATE_METHOD_MATCH = YES;
				COPY_PHASE_STRIP = NO;
				DEBUG_INFORMATION_FORMAT = dwarf;
				ENABLE_STRICT_OBJC_MSGSEND = YES;
				ENABLE_TESTABILITY = YES;
				ENABLE_USER_SCRIPT_SANDBOXING = YES;
				GCC_C_LANGUAGE_STANDARD = gnu17;
				GCC_DYNAMIC_NO_PIC = NO;
				GCC_NO_COMMON_BLOCKS = YES;
				GCC_OPTIMIZATION_LEVEL = 0;
				GCC_PREPROCESSOR_DEFINITIONS = (
					"DEBUG=1",
					"$(inherited)",
				);
				GCC_WARN_64_TO_32_BIT_CONVERSION = YES;
				GCC_WARN_ABOUT_RETURN_TYPE = YES_ERROR;
				GCC_WARN_UNDECLARED_SELECTOR = YES;
				GCC_WARN_UNINITIALIZED_AUTOS = YES_AGGRESSIVE;
				GCC_WARN_UNUSED_FUNCTION = YES;
				GCC_WARN_UNUSED_VARIABLE = YES;
				IPHONEOS_DEPLOYMENT_TARGET = 17.2;
				LOCALIZATION_PREFERS_STRING_CATALOGS = YES;
				MTL_ENABLE_DEBUG_INFO = INCLUDE_SOURCE;
				MTL_FAST_MATH = YES;
				ONLY_ACTIVE_ARCH = YES;
				SDKROOT = iphoneos;
				SWIFT_ACTIVE_COMPILATION_CONDITIONS = "DEBUG $(inherited)";
				SWIFT_OPTIMIZATION_LEVEL = "-Onone";
			};
			name = Debug;
		};
		185AA9352B5BD75500F79703 /* Release */ = {
			isa = XCBuildConfiguration;
			buildSettings = {
				ALWAYS_SEARCH_USER_PATHS = NO;
				ASSETCATALOG_COMPILER_GENERATE_SWIFT_ASSET_SYMBOL_EXTENSIONS = YES;
				CLANG_ANALYZER_NONNULL = YES;
				CLANG_ANALYZER_NUMBER_OBJECT_CONVERSION = YES_AGGRESSIVE;
				CLANG_CXX_LANGUAGE_STANDARD = "gnu++20";
				CLANG_ENABLE_MODULES = YES;
				CLANG_ENABLE_OBJC_ARC = YES;
				CLANG_ENABLE_OBJC_WEAK = YES;
				CLANG_WARN_BLOCK_CAPTURE_AUTORELEASING = YES;
				CLANG_WARN_BOOL_CONVERSION = YES;
				CLANG_WARN_COMMA = YES;
				CLANG_WARN_CONSTANT_CONVERSION = YES;
				CLANG_WARN_DEPRECATED_OBJC_IMPLEMENTATIONS = YES;
				CLANG_WARN_DIRECT_OBJC_ISA_USAGE = YES_ERROR;
				CLANG_WARN_DOCUMENTATION_COMMENTS = YES;
				CLANG_WARN_EMPTY_BODY = YES;
				CLANG_WARN_ENUM_CONVERSION = YES;
				CLANG_WARN_INFINITE_RECURSION = YES;
				CLANG_WARN_INT_CONVERSION = YES;
				CLANG_WARN_NON_LITERAL_NULL_CONVERSION = YES;
				CLANG_WARN_OBJC_IMPLICIT_RETAIN_SELF = YES;
				CLANG_WARN_OBJC_LITERAL_CONVERSION = YES;
				CLANG_WARN_OBJC_ROOT_CLASS = YES_ERROR;
				CLANG_WARN_QUOTED_INCLUDE_IN_FRAMEWORK_HEADER = YES;
				CLANG_WARN_RANGE_LOOP_ANALYSIS = YES;
				CLANG_WARN_STRICT_PROTOTYPES = YES;
				CLANG_WARN_SUSPICIOUS_MOVE = YES;
				CLANG_WARN_UNGUARDED_AVAILABILITY = YES_AGGRESSIVE;
				CLANG_WARN_UNREACHABLE_CODE = YES;
				CLANG_WARN__DUPLICATE_METHOD_MATCH = YES;
				COPY_PHASE_STRIP = NO;
				DEBUG_INFORMATION_FORMAT = "dwarf-with-dsym";
				ENABLE_NS_ASSERTIONS = NO;
				ENABLE_STRICT_OBJC_MSGSEND = YES;
				ENABLE_USER_SCRIPT_SANDBOXING = YES;
				GCC_C_LANGUAGE_STANDARD = gnu17;
				GCC_NO_COMMON_BLOCKS = YES;
				GCC_WARN_64_TO_32_BIT_CONVERSION = YES;
				GCC_WARN_ABOUT_RETURN_TYPE = YES_ERROR;
				GCC_WARN_UNDECLARED_SELECTOR = YES;
				GCC_WARN_UNINITIALIZED_AUTOS = YES_AGGRESSIVE;
				GCC_WARN_UNUSED_FUNCTION = YES;
				GCC_WARN_UNUSED_VARIABLE = YES;
				IPHONEOS_DEPLOYMENT_TARGET = 17.2;
				LOCALIZATION_PREFERS_STRING_CATALOGS = YES;
				MTL_ENABLE_DEBUG_INFO = NO;
				MTL_FAST_MATH = YES;
				SDKROOT = iphoneos;
				SWIFT_COMPILATION_MODE = wholemodule;
				VALIDATE_PRODUCT = YES;
			};
			name = Release;
		};
		185AA9372B5BD75500F79703 /* Debug */ = {
			isa = XCBuildConfiguration;
			buildSettings = {
				ASSETCATALOG_COMPILER_APPICON_NAME = AppIcon;
				ASSETCATALOG_COMPILER_GLOBAL_ACCENT_COLOR_NAME = AccentColor;
				CODE_SIGN_STYLE = Automatic;
				CURRENT_PROJECT_VERSION = 1;
				DEVELOPMENT_TEAM = F7NHX5BAFW;
				GENERATE_INFOPLIST_FILE = YES;
				INFOPLIST_FILE = DagorMarket/Info.plist;
				INFOPLIST_KEY_UIApplicationSupportsIndirectInputEvents = YES;
				INFOPLIST_KEY_UILaunchStoryboardName = LaunchScreen;
				INFOPLIST_KEY_UISupportedInterfaceOrientations_iPad = "UIInterfaceOrientationPortrait UIInterfaceOrientationPortraitUpsideDown UIInterfaceOrientationLandscapeLeft UIInterfaceOrientationLandscapeRight";
				INFOPLIST_KEY_UISupportedInterfaceOrientations_iPhone = "UIInterfaceOrientationPortrait UIInterfaceOrientationLandscapeLeft UIInterfaceOrientationLandscapeRight";
				LD_RUNPATH_SEARCH_PATHS = (
					"$(inherited)",
					"@executable_path/Frameworks",
				);
				MARKETING_VERSION = 1.0;
				PRODUCT_BUNDLE_IDENTIFIER = MkmStore.DagorMarket;
				PRODUCT_NAME = "$(TARGET_NAME)";
				SWIFT_EMIT_LOC_STRINGS = YES;
				SWIFT_VERSION = 5.0;
				TARGETED_DEVICE_FAMILY = "1,2";
			};
			name = Debug;
		};
		185AA9382B5BD75500F79703 /* Release */ = {
			isa = XCBuildConfiguration;
			buildSettings = {
				ASSETCATALOG_COMPILER_APPICON_NAME = AppIcon;
				ASSETCATALOG_COMPILER_GLOBAL_ACCENT_COLOR_NAME = AccentColor;
				CODE_SIGN_STYLE = Automatic;
				CURRENT_PROJECT_VERSION = 1;
				DEVELOPMENT_TEAM = F7NHX5BAFW;
				GENERATE_INFOPLIST_FILE = YES;
				INFOPLIST_FILE = DagorMarket/Info.plist;
				INFOPLIST_KEY_UIApplicationSupportsIndirectInputEvents = YES;
				INFOPLIST_KEY_UILaunchStoryboardName = LaunchScreen;
				INFOPLIST_KEY_UISupportedInterfaceOrientations_iPad = "UIInterfaceOrientationPortrait UIInterfaceOrientationPortraitUpsideDown UIInterfaceOrientationLandscapeLeft UIInterfaceOrientationLandscapeRight";
				INFOPLIST_KEY_UISupportedInterfaceOrientations_iPhone = "UIInterfaceOrientationPortrait UIInterfaceOrientationLandscapeLeft UIInterfaceOrientationLandscapeRight";
				LD_RUNPATH_SEARCH_PATHS = (
					"$(inherited)",
					"@executable_path/Frameworks",
				);
				MARKETING_VERSION = 1.0;
				PRODUCT_BUNDLE_IDENTIFIER = MkmStore.DagorMarket;
				PRODUCT_NAME = "$(TARGET_NAME)";
				SWIFT_EMIT_LOC_STRINGS = YES;
				SWIFT_VERSION = 5.0;
				TARGETED_DEVICE_FAMILY = "1,2";
			};
			name = Release;
		};
/* End XCBuildConfiguration section */

/* Begin XCConfigurationList section */
		185AA91D2B5BD75300F79703 /* Build configuration list for PBXProject "DagorMarket" */ = {
			isa = XCConfigurationList;
			buildConfigurations = (
				185AA9342B5BD75500F79703 /* Debug */,
				185AA9352B5BD75500F79703 /* Release */,
			);
			defaultConfigurationIsVisible = 0;
			defaultConfigurationName = Release;
		};
		185AA9362B5BD75500F79703 /* Build configuration list for PBXNativeTarget "DagorMarket" */ = {
			isa = XCConfigurationList;
			buildConfigurations = (
				185AA9372B5BD75500F79703 /* Debug */,
				185AA9382B5BD75500F79703 /* Release */,
			);
			defaultConfigurationIsVisible = 0;
			defaultConfigurationName = Release;
		};
/* End XCConfigurationList section */

/* Begin XCRemoteSwiftPackageReference section */
		18E55B372B65164000062543 /* XCRemoteSwiftPackageReference "firebase-ios-sdk" */ = {
			isa = XCRemoteSwiftPackageReference;
			repositoryURL = "https://github.com/firebase/firebase-ios-sdk";
			requirement = {
				kind = upToNextMajorVersion;
				minimumVersion = 10.20.0;
			};
		};
/* End XCRemoteSwiftPackageReference section */

/* Begin XCSwiftPackageProductDependency section */
		18E55B382B65164000062543 /* FirebaseAnalytics */ = {
			isa = XCSwiftPackageProductDependency;
			package = 18E55B372B65164000062543 /* XCRemoteSwiftPackageReference "firebase-ios-sdk" */;
			productName = FirebaseAnalytics;
		};
		18E55B3A2B65164000062543 /* FirebaseAnalyticsOnDeviceConversion */ = {
			isa = XCSwiftPackageProductDependency;
			package = 18E55B372B65164000062543 /* XCRemoteSwiftPackageReference "firebase-ios-sdk" */;
			productName = FirebaseAnalyticsOnDeviceConversion;
		};
		18E55B3C2B65164000062543 /* FirebaseAnalyticsSwift */ = {
			isa = XCSwiftPackageProductDependency;
			package = 18E55B372B65164000062543 /* XCRemoteSwiftPackageReference "firebase-ios-sdk" */;
			productName = FirebaseAnalyticsSwift;
		};
		18E55B3E2B65164000062543 /* FirebaseAnalyticsWithoutAdIdSupport */ = {
			isa = XCSwiftPackageProductDependency;
			package = 18E55B372B65164000062543 /* XCRemoteSwiftPackageReference "firebase-ios-sdk" */;
			productName = FirebaseAnalyticsWithoutAdIdSupport;
		};
		18E55B402B65164000062543 /* FirebaseAppCheck */ = {
			isa = XCSwiftPackageProductDependency;
			package = 18E55B372B65164000062543 /* XCRemoteSwiftPackageReference "firebase-ios-sdk" */;
			productName = FirebaseAppCheck;
		};
		18E55B432B65165500062543 /* FirebaseAuth */ = {
			isa = XCSwiftPackageProductDependency;
			package = 18E55B372B65164000062543 /* XCRemoteSwiftPackageReference "firebase-ios-sdk" */;
			productName = FirebaseAuth;
		};
/* End XCSwiftPackageProductDependency section */
	};
	rootObject = 185AA91A2B5BD75300F79703 /* Project object */;
}
